github.com/anthonynsimon/bild v0.14.0 h1:IFRkmKdNdqmexXHfEU7rPlAmdUZ8BDZEGtGHDnGWync=
github.com/anthonynsimon/bild v0.14.0/go.mod h1:hcvEAyBjTW69qkKJTfpcDQ83sSZHxwOunsseDfeQhUs=
github.com/davecgh/go-spew v1.1.1 h1:vj9j/u1bqnvCEfJOwUhtlOARqs3+rkHYY13jYWTU97c=
github.com/davecgh/go-spew v1.1.1/go.mod h1:J7Y8YcW2NihsgmVo/mv3lAwl/skON4iLHjSsI+c5H38=
github.com/ebitengine/gomobile v0.0.0-20250209143333-6071a2a2351c h1:nCxkoQoJMcVLc5aoMp3ULbfyEMcQjxopBKgNQVBQFXE=
github.com/ebitengine/gomobile v0.0.0-20250209143333-6071a2a2351c/go.mod h1:yMh1VvLL71zDgHlVlIXXJIGmv36QcJ9ZD2gtIGYAp3I=
github.com/ebitengine/hideconsole v1.0.0 h1:5J4U0kXF+pv/DhiXt5/lTz0eO5ogJ1iXb8Yj1yReDqE=
github.com/ebitengine/hideconsole v1.0.0/go.mod h1:hTTBTvVYWKBuxPr7peweneWdkUwEuHuB3C1R/ielR1A=
github.com/ebitengine/purego v0.9.0-alpha.2 h1:xYomvayNWeTy1RInkqKOqKdO+5afaejWQ4+RCN+B7do=
github.com/ebitengine/purego v0.9.0-alpha.2/go.mod h1:iIjxzd6CiRiOG0UyXP+V1+jWqUXVjPKLAI0mRfJZTmQ=
github.com/go-text/typesetting v0.3.0 h1:OWCgYpp8njoxSRpwrdd1bQOxdjOXDj9Rqart9ML4iF4=
github.com/go-text/typesetting v0.3.0/go.mod h1:qjZLkhRgOEYMhU9eHBr3AR4sfnGJvOXNLt8yRAySFuY=
github.com/go-text/typesetting-utils v0.0.0-20241103174707-87a29e9e6066 h1:qCuYC+94v2xrb1PoS4NIDe7DGYtLnU2wWiQe9a1B1c0=
github.com/go-text/typesetting-utils v0.0.0-20241103174707-87a29e9e6066/go.mod h1:DDxDdQEnB70R8owOx3LVpEFvpMK9eeH1o2r0yZhFI9o=
github.com/hajimehoshi/bitmapfont/v3 v3.3.0-alpha.4 h1:cL/A9hLQ2aYpXhOeWBrTcrj6ngudhtYHItgMahrou+Q=
github.com/hajimehoshi/bitmapfont/v3 v3.3.0-alpha.4/go.mod h1:GsEgTraq3r5Z8JuWS3gjeCnC81cVeJd4Cojw3OSJkrg=
github.com/hajimehoshi/ebiten/v2 v2.9.0-alpha.4 h1:5ft5W95yK2KbxlK5gfvHfs+4gqwMxyj2uQrGJgwN714=
github.com/hajimehoshi/ebiten/v2 v2.9.0-alpha.4/go.mod h1:9icewX5g2QfAJnuMswhlZUeF45HnQpeasx3kGXi3Xv8=
github.com/jezek/xgb v1.1.1 h1:bE/r8ZZtSv7l9gk6nU0mYx51aXrvnyb44892TwSaqS4=
github.com/jezek/xgb v1.1.1/go.mod h1:nrhwO0FX/enq75I7Y7G8iN1ubpSGZEiA3v9e9GyRFlk=
github.com/mlange-42/ark v0.3.0 h1:TdOc0Q93Shl1d8xv4Lek9CH87ZSwMNfZ06PXMqFL3JI=
github.com/mlange-42/ark v0.3.0/go.mod h1:47KXHr5HLftLn4iyL8w04iv7KJUNUoDymEIotD41f3o=
github.com/mlange-42/ark-serde v0.1.1 h1:rMJPzIg5ltcQKHbDf6m/23VIjKcDBft1y/3dulq04Fo=
github.com/mlange-42/ark-serde v0.1.1/go.mod h1:mna+JXSthTrn5x/lp0JfCuWpM1nMnHfHNEvjJT9t7fI=
github.com/pierrec/lz4/v4 v4.1.21 h1:yOVMLb6qSIDP67pl/5F7RepeKYu/VmTyEXvuMI5d9mQ=
github.com/pierrec/lz4/v4 v4.1.21/go.mod h1:gZWDp/Ze/IJXGXf23ltt2EXimqmTUXEy0GFuRQyBid4=
github.com/pmezard/go-difflib v1.0.0 h1:4DBwDE0NGyQoBHbLQYPwSUPoCMWR5BEzIk/f1lZbAQM=
github.com/pmezard/go-difflib v1.0.0/go.mod h1:iKH77koFhYxTK1pcRnkKkqfTogsbg7gZNVY4sRDYZ/4=
github.com/quasilyte/gdata v0.8.1 h1:cR9TFUHrRciVq1E4hqofan6jcQvmJd9lM1E7YLeUfi8=
github.com/quasilyte/gdata v0.8.1/go.mod h1:VZbd2RCpKR2cbTGuLC1Esnyl1+KFv/jXBJrs/ijL8TA=
github.com/setanarut/anim v1.3.1 h1:N1fFXY7NOIHktHQgwS1gfSCWpadQCEVktKyyUc1hbRQ=
github.com/setanarut/anim v1.3.1/go.mod h1:A1RG+zfn+zzWUW3DV8Xy8FMzt+yU5DmMt0X1wn8CHUs=
github.com/setanarut/fastnoise v1.1.1 h1:cD9gUjY9GMxVab+B7AY09j2GAHMdiKzchDE5z6dQ7eE=
github.com/setanarut/fastnoise v1.1.1/go.mod h1:74vG3/RcPPcNi2M0riHJXQp9/+eTSh0rnQ/0WTEY6SU=
github.com/setanarut/kamera/v2 v2.96.2 h1:eT5eQx6kcw/rfE90OMttmDY6dgfnh0n5XNLAZ+X6kZc=
github.com/setanarut/kamera/v2 v2.96.2/go.mod h1:VoCiXceHd/TXw94dcZUIPA9wQKRCZ0poSTq/wj+Zj5s=
github.com/setanarut/v v1.1.1 h1:Y5hlOHbHQxT21PDSQFLBHd+OQHClmfG+CSnq1LytxZA=
github.com/setanarut/v v1.1.1/go.mod h1:g4nFgNBw7ulbO6VYnHeAdWqATCBWHjI6IX6uh/fRJEw=
github.com/stretchr/testify v1.10.0 h1:Xv5erBjTwe/5IxqUQTdXv5kgmIvbHo3QQyRwhJsOfJA=
github.com/stretchr/testify v1.10.0/go.mod h1:r2ic/lqez/lEtzL7wO/rwa5dbSLXVDPFyf8C91i36aY=
golang.org/x/image v0.25.0 h1:Y6uW6rH1y5y/LK1J8BPWZtr6yZ7hrsy6hFrXjgsc2fQ=
golang.org/x/image v0.25.0/go.mod h1:tCAmOEGthTtkalusGp1g3xa2gke8J6c2N565dTyl9Rs=
golang.org/x/sync v0.12.0 h1:MHc5BpPuC30uJk597Ri8TV3CNZcTLu6B6z4lJy+g6Jw=
golang.org/x/sync v0.12.0/go.mod h1:1dzgHSNfp02xaA81J2MS99Qcpr2w7fw1gpm99rleRqA=
golang.org/x/sys v0.31.0 h1:ioabZlmFYtWhL+TRYpcnNlLwhyxaM9kWTDEmfnprqik=
golang.org/x/sys v0.31.0/go.mod h1:BJP2sWEmIv4KK5OTEluFJCKSidICx8ciO85XgH3Ak8k=
golang.org/x/text v0.23.0 h1:D71I7dUrlY+VX0gQShAThNGHFxZ13dGLBHQLVl1mJlY=
golang.org/x/text v0.23.0/go.mod h1:/BLNzu4aZCJ1+kcD0DNRotWKage4q2rGVAg4o22unh4=
gopkg.in/yaml.v3 v3.0.1 h1:fxVm/GzAzEWqLHuvctI91KS9hhNmmWOoWu0XTYJS7CA=
gopkg.in/yaml.v3 v3.0.1/go.mod h1:K4uyk7z7BCEPqu6E+C64Yfv1cQ7kz7rIZviUmN+EgEM=
